
Microsoft Visual Studio Solution File, Format Version 12.00
# Visual Studio Version 17
VisualStudioVersion = 17.6.33712.159
MinimumVisualStudioVersion = 10.0.40219.1
Project("{9A19103F-16F7-4668-BE54-9A1E7A4F7556}") = "Lab01", "Lab01.csproj", "{C8D12B26-7247-41D9-A1F4-5D49FA068DC3}"
EndProject
Project("{9A19103F-16F7-4668-BE54-9A1E7A4F7556}") = "Lab02", "..\Lab02\Lab02.csproj", "{E163E4E2-E500-4336-8A51-2FC27CB0243C}"
EndProject
Project("{9A19103F-16F7-4668-BE54-9A1E7A4F7556}") = "Lab03", "..\Lab03\Lab03.csproj", "{6B0F2939-F467-4FBA-BF9E-EF018D6248F3}"
EndProject
Project("{9A19103F-16F7-4668-BE54-9A1E7A4F7556}") = "Lab04", "..\Lab04\Lab04.csproj", "{9B9F35ED-8A21-4202-A0F1-C60A1F10C4A1}"
EndProject
Project("{FAE04EC0-301F-11D3-BF4B-00C04F79EFBC}") = "Lab06.1", "..\Lab06.1\Lab06.1.csproj", "{1838C74E-E3C8-4574-8208-415F37B67EB3}"
EndProject
Project("{FAE04EC0-301F-11D3-BF4B-00C04F79EFBC}") = "Lab06.2", "..\Lab06.2\Lab06.2.csproj", "{56FE8A15-6B67-404A-B5AF-DF8CFD93BF2F}"
EndProject
Project("{FAE04EC0-301F-11D3-BF4B-00C04F79EFBC}") = "Lab06.3", "..\Lab06.3\Lab06.3.csproj", "{D38EA1F6-796B-464D-B8DC-C5A48E926E7B}"
EndProject
Project("{FAE04EC0-301F-11D3-BF4B-00C04F79EFBC}") = "Lab06.1+P1", "..\Lab06.1+P1\Lab06.1+P1.csproj", "{B632D8BF-DF10-49BE-8A26-A22C164A92BB}"
EndProject
Project("{FAE04EC0-301F-11D3-BF4B-00C04F79EFBC}") = "Lab06.2+P1", "..\Lab06.2+P1\Lab06.2+P1.csproj", "{F4EBC85A-D193-4DC1-8460-E34D7E5E8F54}"
EndProject
Project("{FAE04EC0-301F-11D3-BF4B-00C04F79EFBC}") = "lab06.3+P1", "..\lab06.3+P1\lab06.3+P1.csproj", "{D4FC7BB5-A3FC-4680-BB06-5BD2F373FD0A}"
EndProject
Project("{FAE04EC0-301F-11D3-BF4B-00C04F79EFBC}") = "Lab06.full+P1", "..\Lab06.4+P1\Lab06.full+P1.csproj", "{59980E75-6E74-4DA7-A60A-1710937DE0C5}"
EndProject
Global
	GlobalSection(SolutionConfigurationPlatforms) = preSolution
		Debug|Any CPU = Debug|Any CPU
		Release|Any CPU = Release|Any CPU
	EndGlobalSection
	GlobalSection(ProjectConfigurationPlatforms) = postSolution
		{C8D12B26-7247-41D9-A1F4-5D49FA068DC3}.Debug|Any CPU.ActiveCfg = Debug|Any CPU
		{C8D12B26-7247-41D9-A1F4-5D49FA068DC3}.Debug|Any CPU.Build.0 = Debug|Any CPU
		{C8D12B26-7247-41D9-A1F4-5D49FA068DC3}.Release|Any CPU.ActiveCfg = Release|Any CPU
		{C8D12B26-7247-41D9-A1F4-5D49FA068DC3}.Release|Any CPU.Build.0 = Release|Any CPU
		{E163E4E2-E500-4336-8A51-2FC27CB0243C}.Debug|Any CPU.ActiveCfg = Debug|Any CPU
		{E163E4E2-E500-4336-8A51-2FC27CB0243C}.Debug|Any CPU.Build.0 = Debug|Any CPU
		{E163E4E2-E500-4336-8A51-2FC27CB0243C}.Release|Any CPU.ActiveCfg = Release|Any CPU
		{E163E4E2-E500-4336-8A51-2FC27CB0243C}.Release|Any CPU.Build.0 = Release|Any CPU
		{6B0F2939-F467-4FBA-BF9E-EF018D6248F3}.Debug|Any CPU.ActiveCfg = Debug|Any CPU
		{6B0F2939-F467-4FBA-BF9E-EF018D6248F3}.Debug|Any CPU.Build.0 = Debug|Any CPU
		{6B0F2939-F467-4FBA-BF9E-EF018D6248F3}.Release|Any CPU.ActiveCfg = Release|Any CPU
		{6B0F2939-F467-4FBA-BF9E-EF018D6248F3}.Release|Any CPU.Build.0 = Release|Any CPU
		{9B9F35ED-8A21-4202-A0F1-C60A1F10C4A1}.Debug|Any CPU.ActiveCfg = Debug|Any CPU
		{9B9F35ED-8A21-4202-A0F1-C60A1F10C4A1}.Debug|Any CPU.Build.0 = Debug|Any CPU
		{9B9F35ED-8A21-4202-A0F1-C60A1F10C4A1}.Release|Any CPU.ActiveCfg = Release|Any CPU
		{9B9F35ED-8A21-4202-A0F1-C60A1F10C4A1}.Release|Any CPU.Build.0 = Release|Any CPU
		{1838C74E-E3C8-4574-8208-415F37B67EB3}.Debug|Any CPU.ActiveCfg = Debug|Any CPU
		{1838C74E-E3C8-4574-8208-415F37B67EB3}.Debug|Any CPU.Build.0 = Debug|Any CPU
		{1838C74E-E3C8-4574-8208-415F37B67EB3}.Release|Any CPU.ActiveCfg = Release|Any CPU
		{1838C74E-E3C8-4574-8208-415F37B67EB3}.Release|Any CPU.Build.0 = Release|Any CPU
		{56FE8A15-6B67-404A-B5AF-DF8CFD93BF2F}.Debug|Any CPU.ActiveCfg = Debug|Any CPU
		{56FE8A15-6B67-404A-B5AF-DF8CFD93BF2F}.Debug|Any CPU.Build.0 = Debug|Any CPU
		{56FE8A15-6B67-404A-B5AF-DF8CFD93BF2F}.Release|Any CPU.ActiveCfg = Release|Any CPU
		{56FE8A15-6B67-404A-B5AF-DF8CFD93BF2F}.Release|Any CPU.Build.0 = Release|Any CPU
		{D38EA1F6-796B-464D-B8DC-C5A48E926E7B}.Debug|Any CPU.ActiveCfg = Debug|Any CPU
		{D38EA1F6-796B-464D-B8DC-C5A48E926E7B}.Debug|Any CPU.Build.0 = Debug|Any CPU
		{D38EA1F6-796B-464D-B8DC-C5A48E926E7B}.Release|Any CPU.ActiveCfg = Release|Any CPU
		{D38EA1F6-796B-464D-B8DC-C5A48E926E7B}.Release|Any CPU.Build.0 = Release|Any CPU
		{B632D8BF-DF10-49BE-8A26-A22C164A92BB}.Debug|Any CPU.ActiveCfg = Debug|Any CPU
		{B632D8BF-DF10-49BE-8A26-A22C164A92BB}.Debug|Any CPU.Build.0 = Debug|Any CPU
		{B632D8BF-DF10-49BE-8A26-A22C164A92BB}.Release|Any CPU.ActiveCfg = Release|Any CPU
		{B632D8BF-DF10-49BE-8A26-A22C164A92BB}.Release|Any CPU.Build.0 = Release|Any CPU
		{F4EBC85A-D193-4DC1-8460-E34D7E5E8F54}.Debug|Any CPU.ActiveCfg = Debug|Any CPU
		{F4EBC85A-D193-4DC1-8460-E34D7E5E8F54}.Debug|Any CPU.Build.0 = Debug|Any CPU
		{F4EBC85A-D193-4DC1-8460-E34D7E5E8F54}.Release|Any CPU.ActiveCfg = Release|Any CPU
		{F4EBC85A-D193-4DC1-8460-E34D7E5E8F54}.Release|Any CPU.Build.0 = Release|Any CPU
		{D4FC7BB5-A3FC-4680-BB06-5BD2F373FD0A}.Debug|Any CPU.ActiveCfg = Debug|Any CPU
		{D4FC7BB5-A3FC-4680-BB06-5BD2F373FD0A}.Debug|Any CPU.Build.0 = Debug|Any CPU
		{D4FC7BB5-A3FC-4680-BB06-5BD2F373FD0A}.Release|Any CPU.ActiveCfg = Release|Any CPU
		{D4FC7BB5-A3FC-4680-BB06-5BD2F373FD0A}.Release|Any CPU.Build.0 = Release|Any CPU
		{59980E75-6E74-4DA7-A60A-1710937DE0C5}.Debug|Any CPU.ActiveCfg = Debug|Any CPU
		{59980E75-6E74-4DA7-A60A-1710937DE0C5}.Debug|Any CPU.Build.0 = Debug|Any CPU
		{59980E75-6E74-4DA7-A60A-1710937DE0C5}.Release|Any CPU.ActiveCfg = Release|Any CPU
		{59980E75-6E74-4DA7-A60A-1710937DE0C5}.Release|Any CPU.Build.0 = Release|Any CPU
	EndGlobalSection
	GlobalSection(SolutionProperties) = preSolution
		HideSolutionNode = FALSE
	EndGlobalSection
	GlobalSection(ExtensibilityGlobals) = postSolution
		SolutionGuid = {B1AFC80A-6E8E-40A8-AEB3-22FD4BA0064A}
	EndGlobalSection
EndGlobal
